
Microsoft Visual Studio Solution File, Format Version 12.00
# Visual Studio 15
VisualStudioVersion = 15.0.27130.2027
MinimumVisualStudioVersion = 10.0.40219.1
Project("{8BC9CEB8-8B4A-11D0-8D11-00A0C91BC942}") = "INFO450FavoriteThing", "INFO450FavoriteThing\INFO450FavoriteThing.vcxproj", "{D344CAF4-166A-4E86-8D41-FEFB0041FB8C}"
EndProject
Global
	GlobalSection(SolutionConfigurationPlatforms) = preSolution
		Debug|x64 = Debug|x64
		Debug|x86 = Debug|x86
		Release|x64 = Release|x64
		Release|x86 = Release|x86
	EndGlobalSection
	GlobalSection(ProjectConfigurationPlatforms) = postSolution
		{D344CAF4-166A-4E86-8D41-FEFB0041FB8C}.Debug|x64.ActiveCfg = Debug|x64
		{D344CAF4-166A-4E86-8D41-FEFB0041FB8C}.Debug|x64.Build.0 = Debug|x64
		{D344CAF4-166A-4E86-8D41-FEFB0041FB8C}.Debug|x86.ActiveCfg = Debug|Win32
		{D344CAF4-166A-4E86-8D41-FEFB0041FB8C}.Debug|x86.Build.0 = Debug|Win32
		{D344CAF4-166A-4E86-8D41-FEFB0041FB8C}.Release|x64.ActiveCfg = Release|x64
		{D344CAF4-166A-4E86-8D41-FEFB0041FB8C}.Release|x64.Build.0 = Release|x64
		{D344CAF4-166A-4E86-8D41-FEFB0041FB8C}.Release|x86.ActiveCfg = Release|Win32
		{D344CAF4-166A-4E86-8D41-FEFB0041FB8C}.Release|x86.Build.0 = Release|Win32
	EndGlobalSection
	GlobalSection(SolutionProperties) = preSolution
		HideSolutionNode = FALSE
	EndGlobalSection
	GlobalSection(ExtensibilityGlobals) = postSolution
		SolutionGuid = {13C113C3-C76E-40C9-AB95-4CB8EA180028}
	EndGlobalSection
EndGlobal
